
Microsoft Visual Studio Solution File, Format Version 12.00
# Visual Studio 14
VisualStudioVersion = 14.0.25123.0
MinimumVisualStudioVersion = 10.0.40219.1
Project("{FAE04EC0-301F-11D3-BF4B-00C04F79EFBC}") = "PracticeVelocity", "PracticeVelocity\PracticeVelocity.csproj", "{B63D004E-3CB5-4308-987A-61C9C0D7CD2B}"
EndProject
Project("{FAE04EC0-301F-11D3-BF4B-00C04F79EFBC}") = "PracticeVelocity.Tests", "PracticeVelocity.Tests\PracticeVelocity.Tests.csproj", "{050E54A4-221B-4D35-9B51-F6F1325E3E50}"
EndProject
Global
	GlobalSection(SolutionConfigurationPlatforms) = preSolution
		Debug|Any CPU = Debug|Any CPU
		Release|Any CPU = Release|Any CPU
	EndGlobalSection
	GlobalSection(ProjectConfigurationPlatforms) = postSolution
		{B63D004E-3CB5-4308-987A-61C9C0D7CD2B}.Debug|Any CPU.ActiveCfg = Debug|Any CPU
		{B63D004E-3CB5-4308-987A-61C9C0D7CD2B}.Debug|Any CPU.Build.0 = Debug|Any CPU
		{B63D004E-3CB5-4308-987A-61C9C0D7CD2B}.Release|Any CPU.ActiveCfg = Release|Any CPU
		{B63D004E-3CB5-4308-987A-61C9C0D7CD2B}.Release|Any CPU.Build.0 = Release|Any CPU
		{050E54A4-221B-4D35-9B51-F6F1325E3E50}.Debug|Any CPU.ActiveCfg = Debug|Any CPU
		{050E54A4-221B-4D35-9B51-F6F1325E3E50}.Debug|Any CPU.Build.0 = Debug|Any CPU
		{050E54A4-221B-4D35-9B51-F6F1325E3E50}.Release|Any CPU.ActiveCfg = Release|Any CPU
		{050E54A4-221B-4D35-9B51-F6F1325E3E50}.Release|Any CPU.Build.0 = Release|Any CPU
	EndGlobalSection
	GlobalSection(SolutionProperties) = preSolution
		HideSolutionNode = FALSE
	EndGlobalSection
EndGlobal
